
Microsoft Visual Studio Solution File, Format Version 12.00
# Visual Studio Version 17
VisualStudioVersion = 17.11.35327.3
MinimumVisualStudioVersion = 10.0.40219.1
Project("{9A19103F-16F7-4668-BE54-9A1E7A4F7556}") = "BusinessObject", "BusinessObject\BusinessObject.csproj", "{FB530A80-2107-4AB8-AE4F-5A9EA45B8A76}"
EndProject
Project("{9A19103F-16F7-4668-BE54-9A1E7A4F7556}") = "eStore", "eStore\eStore.csproj", "{D4E3F54D-C1A1-4AC1-A013-0305BE0EF0C7}"
EndProject
Project("{FAE04EC0-301F-11D3-BF4B-00C04F79EFBC}") = "eStoreAPI", "eStoreAPI\eStoreAPI.csproj", "{F9C58D90-D30B-47B7-8619-00DEA6299D67}"
EndProject
Global
	GlobalSection(SolutionConfigurationPlatforms) = preSolution
		Debug|Any CPU = Debug|Any CPU
		Release|Any CPU = Release|Any CPU
	EndGlobalSection
	GlobalSection(ProjectConfigurationPlatforms) = postSolution
		{FB530A80-2107-4AB8-AE4F-5A9EA45B8A76}.Debug|Any CPU.ActiveCfg = Debug|Any CPU
		{FB530A80-2107-4AB8-AE4F-5A9EA45B8A76}.Debug|Any CPU.Build.0 = Debug|Any CPU
		{FB530A80-2107-4AB8-AE4F-5A9EA45B8A76}.Release|Any CPU.ActiveCfg = Release|Any CPU
		{FB530A80-2107-4AB8-AE4F-5A9EA45B8A76}.Release|Any CPU.Build.0 = Release|Any CPU
		{D4E3F54D-C1A1-4AC1-A013-0305BE0EF0C7}.Debug|Any CPU.ActiveCfg = Debug|Any CPU
		{D4E3F54D-C1A1-4AC1-A013-0305BE0EF0C7}.Debug|Any CPU.Build.0 = Debug|Any CPU
		{D4E3F54D-C1A1-4AC1-A013-0305BE0EF0C7}.Release|Any CPU.ActiveCfg = Release|Any CPU
		{D4E3F54D-C1A1-4AC1-A013-0305BE0EF0C7}.Release|Any CPU.Build.0 = Release|Any CPU
		{F9C58D90-D30B-47B7-8619-00DEA6299D67}.Debug|Any CPU.ActiveCfg = Debug|Any CPU
		{F9C58D90-D30B-47B7-8619-00DEA6299D67}.Debug|Any CPU.Build.0 = Debug|Any CPU
		{F9C58D90-D30B-47B7-8619-00DEA6299D67}.Release|Any CPU.ActiveCfg = Release|Any CPU
		{F9C58D90-D30B-47B7-8619-00DEA6299D67}.Release|Any CPU.Build.0 = Release|Any CPU
	EndGlobalSection
	GlobalSection(SolutionProperties) = preSolution
		HideSolutionNode = FALSE
	EndGlobalSection
	GlobalSection(ExtensibilityGlobals) = postSolution
		SolutionGuid = {BEC55BFA-3059-4D80-A7CD-2D3DE68E02F5}
	EndGlobalSection
EndGlobal
